
Microsoft Visual Studio Solution File, Format Version 12.00
# Visual Studio Version 17
VisualStudioVersion = 17.5.002.0
MinimumVisualStudioVersion = 10.0.40219.1
Project("{9A19103F-16F7-4668-BE54-9A1E7A4F7556}") = "Synapxe.FhirNexus.Custom", "Synapxe.FhirNexus.Custom.csproj", "{EB18C537-282A-454E-B73C-95CC4017F313}"
EndProject
Global
	GlobalSection(SolutionConfigurationPlatforms) = preSolution
		Debug|Any CPU = Debug|Any CPU
		Release|Any CPU = Release|Any CPU
	EndGlobalSection
	GlobalSection(ProjectConfigurationPlatforms) = postSolution
		{EB18C537-282A-454E-B73C-95CC4017F313}.Debug|Any CPU.ActiveCfg = Debug|Any CPU
		{EB18C537-282A-454E-B73C-95CC4017F313}.Debug|Any CPU.Build.0 = Debug|Any CPU
		{EB18C537-282A-454E-B73C-95CC4017F313}.Release|Any CPU.ActiveCfg = Release|Any CPU
		{EB18C537-282A-454E-B73C-95CC4017F313}.Release|Any CPU.Build.0 = Release|Any CPU
	EndGlobalSection
	GlobalSection(SolutionProperties) = preSolution
		HideSolutionNode = FALSE
	EndGlobalSection
	GlobalSection(ExtensibilityGlobals) = postSolution
		SolutionGuid = {96EAE4A8-F97D-4EB6-AD34-4B2EA83FEC5B}
	EndGlobalSection
EndGlobal
